
Microsoft Visual Studio Solution File, Format Version 12.00
# Visual Studio Version 16
VisualStudioVersion = 16.0.30517.126
MinimumVisualStudioVersion = 10.0.40219.1
Project("{9A19103F-16F7-4668-BE54-9A1E7A4F7556}") = "Puffix.ConsoleLogMagnifier", "Puffix.ConsoleLogMagnifier\Puffix.ConsoleLogMagnifier.csproj", "{2851A290-55FA-42F9-95BB-DFC296078E1A}"
EndProject
Project("{2150E333-8FDC-42A3-9474-1A3956D46DE8}") = "GithubBuild", "GithubBuild", "{82C2511C-4288-44AC-BE03-56B2F578AF5C}"
	ProjectSection(SolutionItems) = preProject
		.github\workflows\codeql-analysis.yml = .github\workflows\codeql-analysis.yml
		.github\workflows\dotnet-core.yml = .github\workflows\dotnet-core.yml
	EndProjectSection
EndProject
Global
	GlobalSection(SolutionConfigurationPlatforms) = preSolution
		Debug|Any CPU = Debug|Any CPU
		Release|Any CPU = Release|Any CPU
	EndGlobalSection
	GlobalSection(ProjectConfigurationPlatforms) = postSolution
		{2851A290-55FA-42F9-95BB-DFC296078E1A}.Debug|Any CPU.ActiveCfg = Debug|Any CPU
		{2851A290-55FA-42F9-95BB-DFC296078E1A}.Debug|Any CPU.Build.0 = Debug|Any CPU
		{2851A290-55FA-42F9-95BB-DFC296078E1A}.Release|Any CPU.ActiveCfg = Release|Any CPU
		{2851A290-55FA-42F9-95BB-DFC296078E1A}.Release|Any CPU.Build.0 = Release|Any CPU
	EndGlobalSection
	GlobalSection(SolutionProperties) = preSolution
		HideSolutionNode = FALSE
	EndGlobalSection
	GlobalSection(ExtensibilityGlobals) = postSolution
		SolutionGuid = {3FD9D2E9-FDC1-49DA-AE5E-E4F55F8CBC09}
	EndGlobalSection
EndGlobal
